// !$*UTF8*$!
{
	archiveVersion = 1;
	classes = {
	};
	objectVersion = 48;
	objects = {

/* Begin PBXBuildFile section */
		3909E45D1EF0E641002036CC /* file_00008.pc in Resources */ = {isa = PBXBuildFile; fileRef = 3909E4541EF0E61E002036CC /* file_00008.pc */; };
		3909E45E1EF0E641002036CC /* file_00009.pc in Resources */ = {isa = PBXBuildFile; fileRef = 3909E4551EF0E61E002036CC /* file_00009.pc */; };
		3909E45F1EF0E641002036CC /* file_00006.pc in Resources */ = {isa = PBXBuildFile; fileRef = 3909E4561EF0E61E002036CC /* file_00006.pc */; };
		3909E4601EF0E641002036CC /* file_00002.pc in Resources */ = {isa = PBXBuildFile; fileRef = 3909E4571EF0E61E002036CC /* file_00002.pc */; };
		3909E4611EF0E641002036CC /* file_00003.pc in Resources */ = {isa = PBXBuildFile; fileRef = 3909E4581EF0E61E002036CC /* file_00003.pc */; };
		3909E4621EF0E641002036CC /* file_00007.pc in Resources */ = {isa = PBXBuildFile; fileRef = 3909E4591EF0E61E002036CC /* file_00007.pc */; };
		3909E4631EF0E641002036CC /* file_00004.pc in Resources */ = {isa = PBXBuildFile; fileRef = 3909E45A1EF0E61E002036CC /* file_00004.pc */; };
		3909E4641EF0E641002036CC /* file_00005.pc in Resources */ = {isa = PBXBuildFile; fileRef = 3909E45B1EF0E61E002036CC /* file_00005.pc */; };
		3909E4651EF0E641002036CC /* file_00001.pc in Resources */ = {isa = PBXBuildFile; fileRef = 3909E45C1EF0E61E002036CC /* file_00001.pc */; };
		390C12551EF3D546001D6B8E /* GFMesh.swift in Sources */ = {isa = PBXBuildFile; fileRef = 390C12541EF3D546001D6B8E /* GFMesh.swift */; };
		3931FC6F1EF2D27B00B872A9 /* GFLut.swift in Sources */ = {isa = PBXBuildFile; fileRef = 3931FC6E1EF2D27B00B872A9 /* GFLut.swift */; };
		3931FC731EF3743A00B872A9 /* PICACommandReader.swift in Sources */ = {isa = PBXBuildFile; fileRef = 3931FC721EF3743A00B872A9 /* PICACommandReader.swift */; };
		3931FC751EF3A1F100B872A9 /* GFMaterial.swift in Sources */ = {isa = PBXBuildFile; fileRef = 3931FC741EF3A1F100B872A9 /* GFMaterial.swift */; };
		3931FC771EF3B02500B872A9 /* GFTexture.swift in Sources */ = {isa = PBXBuildFile; fileRef = 3931FC761EF3B02500B872A9 /* GFTexture.swift */; };
		39597C341EF0DF4C00DBF3D4 /* AppDelegate.swift in Sources */ = {isa = PBXBuildFile; fileRef = 39597C331EF0DF4C00DBF3D4 /* AppDelegate.swift */; };
		39597C361EF0DF4C00DBF3D4 /* ViewController.swift in Sources */ = {isa = PBXBuildFile; fileRef = 39597C351EF0DF4C00DBF3D4 /* ViewController.swift */; };
		39597C391EF0DF4C00DBF3D4 /* Main.storyboard in Resources */ = {isa = PBXBuildFile; fileRef = 39597C371EF0DF4C00DBF3D4 /* Main.storyboard */; };
		39597C3B1EF0DF4C00DBF3D4 /* Assets.xcassets in Resources */ = {isa = PBXBuildFile; fileRef = 39597C3A1EF0DF4C00DBF3D4 /* Assets.xcassets */; };
		39597C3E1EF0DF4C00DBF3D4 /* LaunchScreen.storyboard in Resources */ = {isa = PBXBuildFile; fileRef = 39597C3C1EF0DF4C00DBF3D4 /* LaunchScreen.storyboard */; };
		399FDAA61EF120A2006B93BA /* GFModelContainter.swift in Sources */ = {isa = PBXBuildFile; fileRef = 399FDAA51EF120A2006B93BA /* GFModelContainter.swift */; };
		399FDAAB1EF125A6006B93BA /* VectorMath.swift in Sources */ = {isa = PBXBuildFile; fileRef = 399FDAAA1EF12523006B93BA /* VectorMath.swift */; };
		399FDAAD1EF12D49006B93BA /* GFContainer.swift in Sources */ = {isa = PBXBuildFile; fileRef = 399FDAAC1EF12D49006B93BA /* GFContainer.swift */; };
		39D5C6281EF77BEE003DE7F1 /* GFSubMesh.swift in Sources */ = {isa = PBXBuildFile; fileRef = 39D5C6271EF77BEE003DE7F1 /* GFSubMesh.swift */; };
		39D5C62C1EF784CA003DE7F1 /* Util.swift in Sources */ = {isa = PBXBuildFile; fileRef = 39D5C62B1EF784CA003DE7F1 /* Util.swift */; };
		39D7E8071EF2CC6000F315BA /* GFBone.swift in Sources */ = {isa = PBXBuildFile; fileRef = 39D7E8061EF2CC6000F315BA /* GFBone.swift */; };
		39FC0B8C1EF1107C00675191 /* FileHandle.swift in Sources */ = {isa = PBXBuildFile; fileRef = 39FC0B8B1EF1107C00675191 /* FileHandle.swift */; };
		39FC0B8F1EF1158700675191 /* GFPackage.swift in Sources */ = {isa = PBXBuildFile; fileRef = 39FC0B8E1EF1158700675191 /* GFPackage.swift */; };
/* End PBXBuildFile section */

/* Begin PBXFileReference section */
		3909E4541EF0E61E002036CC /* file_00008.pc */ = {isa = PBXFileReference; lastKnownFileType = file; path = file_00008.pc; sourceTree = "<group>"; };
		3909E4551EF0E61E002036CC /* file_00009.pc */ = {isa = PBXFileReference; lastKnownFileType = file; path = file_00009.pc; sourceTree = "<group>"; };
		3909E4561EF0E61E002036CC /* file_00006.pc */ = {isa = PBXFileReference; lastKnownFileType = file; path = file_00006.pc; sourceTree = "<group>"; };
		3909E4571EF0E61E002036CC /* file_00002.pc */ = {isa = PBXFileReference; lastKnownFileType = file; path = file_00002.pc; sourceTree = "<group>"; };
		3909E4581EF0E61E002036CC /* file_00003.pc */ = {isa = PBXFileReference; lastKnownFileType = file; path = file_00003.pc; sourceTree = "<group>"; };
		3909E4591EF0E61E002036CC /* file_00007.pc */ = {isa = PBXFileReference; lastKnownFileType = file; path = file_00007.pc; sourceTree = "<group>"; };
		3909E45A1EF0E61E002036CC /* file_00004.pc */ = {isa = PBXFileReference; lastKnownFileType = file; path = file_00004.pc; sourceTree = "<group>"; };
		3909E45B1EF0E61E002036CC /* file_00005.pc */ = {isa = PBXFileReference; lastKnownFileType = file; path = file_00005.pc; sourceTree = "<group>"; };
		3909E45C1EF0E61E002036CC /* file_00001.pc */ = {isa = PBXFileReference; lastKnownFileType = file; path = file_00001.pc; sourceTree = "<group>"; };
		390C12541EF3D546001D6B8E /* GFMesh.swift */ = {isa = PBXFileReference; lastKnownFileType = sourcecode.swift; path = GFMesh.swift; sourceTree = "<group>"; };
		3931FC6E1EF2D27B00B872A9 /* GFLut.swift */ = {isa = PBXFileReference; lastKnownFileType = sourcecode.swift; path = GFLut.swift; sourceTree = "<group>"; };
		3931FC721EF3743A00B872A9 /* PICACommandReader.swift */ = {isa = PBXFileReference; lastKnownFileType = sourcecode.swift; path = PICACommandReader.swift; sourceTree = "<group>"; };
		3931FC741EF3A1F100B872A9 /* GFMaterial.swift */ = {isa = PBXFileReference; lastKnownFileType = sourcecode.swift; path = GFMaterial.swift; sourceTree = "<group>"; };
		3931FC761EF3B02500B872A9 /* GFTexture.swift */ = {isa = PBXFileReference; lastKnownFileType = sourcecode.swift; path = GFTexture.swift; sourceTree = "<group>"; };
		39597C301EF0DF4C00DBF3D4 /* pm.app */ = {isa = PBXFileReference; explicitFileType = wrapper.application; includeInIndex = 0; path = pm.app; sourceTree = BUILT_PRODUCTS_DIR; };
		39597C331EF0DF4C00DBF3D4 /* AppDelegate.swift */ = {isa = PBXFileReference; lastKnownFileType = sourcecode.swift; path = AppDelegate.swift; sourceTree = "<group>"; };
		39597C351EF0DF4C00DBF3D4 /* ViewController.swift */ = {isa = PBXFileReference; lastKnownFileType = sourcecode.swift; path = ViewController.swift; sourceTree = "<group>"; };
		39597C381EF0DF4C00DBF3D4 /* Base */ = {isa = PBXFileReference; lastKnownFileType = file.storyboard; name = Base; path = Base.lproj/Main.storyboard; sourceTree = "<group>"; };
		39597C3A1EF0DF4C00DBF3D4 /* Assets.xcassets */ = {isa = PBXFileReference; lastKnownFileType = folder.assetcatalog; path = Assets.xcassets; sourceTree = "<group>"; };
		39597C3D1EF0DF4C00DBF3D4 /* Base */ = {isa = PBXFileReference; lastKnownFileType = file.storyboard; name = Base; path = Base.lproj/LaunchScreen.storyboard; sourceTree = "<group>"; };
		39597C3F1EF0DF4C00DBF3D4 /* Info.plist */ = {isa = PBXFileReference; lastKnownFileType = text.plist.xml; path = Info.plist; sourceTree = "<group>"; };
		399FDAA51EF120A2006B93BA /* GFModelContainter.swift */ = {isa = PBXFileReference; lastKnownFileType = sourcecode.swift; path = GFModelContainter.swift; sourceTree = "<group>"; };
		399FDAAA1EF12523006B93BA /* VectorMath.swift */ = {isa = PBXFileReference; lastKnownFileType = sourcecode.swift; path = VectorMath.swift; sourceTree = "<group>"; };
		399FDAAC1EF12D49006B93BA /* GFContainer.swift */ = {isa = PBXFileReference; lastKnownFileType = sourcecode.swift; path = GFContainer.swift; sourceTree = "<group>"; };
		39D5C6271EF77BEE003DE7F1 /* GFSubMesh.swift */ = {isa = PBXFileReference; lastKnownFileType = sourcecode.swift; path = GFSubMesh.swift; sourceTree = "<group>"; };
		39D5C62B1EF784CA003DE7F1 /* Util.swift */ = {isa = PBXFileReference; lastKnownFileType = sourcecode.swift; path = Util.swift; sourceTree = "<group>"; };
		39D7E8061EF2CC6000F315BA /* GFBone.swift */ = {isa = PBXFileReference; lastKnownFileType = sourcecode.swift; path = GFBone.swift; sourceTree = "<group>"; };
		39FC0B8B1EF1107C00675191 /* FileHandle.swift */ = {isa = PBXFileReference; lastKnownFileType = sourcecode.swift; path = FileHandle.swift; sourceTree = "<group>"; };
		39FC0B8E1EF1158700675191 /* GFPackage.swift */ = {isa = PBXFileReference; lastKnownFileType = sourcecode.swift; path = GFPackage.swift; sourceTree = "<group>"; };
/* End PBXFileReference section */

/* Begin PBXFrameworksBuildPhase section */
		39597C2D1EF0DF4C00DBF3D4 /* Frameworks */ = {
			isa = PBXFrameworksBuildPhase;
			buildActionMask = 2147483647;
			files = (
			);
			runOnlyForDeploymentPostprocessing = 0;
		};
/* End PBXFrameworksBuildPhase section */

/* Begin PBXGroup section */
		3909E4531EF0E61E002036CC /* res */ = {
			isa = PBXGroup;
			children = (
				3909E4541EF0E61E002036CC /* file_00008.pc */,
				3909E4551EF0E61E002036CC /* file_00009.pc */,
				3909E4561EF0E61E002036CC /* file_00006.pc */,
				3909E4571EF0E61E002036CC /* file_00002.pc */,
				3909E4581EF0E61E002036CC /* file_00003.pc */,
				3909E4591EF0E61E002036CC /* file_00007.pc */,
				3909E45A1EF0E61E002036CC /* file_00004.pc */,
				3909E45B1EF0E61E002036CC /* file_00005.pc */,
				3909E45C1EF0E61E002036CC /* file_00001.pc */,
			);
			path = res;
			sourceTree = "<group>";
		};
		39597C271EF0DF4C00DBF3D4 = {
			isa = PBXGroup;
			children = (
				3909E4531EF0E61E002036CC /* res */,
				39597C321EF0DF4C00DBF3D4 /* pm */,
				39597C311EF0DF4C00DBF3D4 /* Products */,
				399FDAA71EF12222006B93BA /* Frameworks */,
			);
			sourceTree = "<group>";
		};
		39597C311EF0DF4C00DBF3D4 /* Products */ = {
			isa = PBXGroup;
			children = (
				39597C301EF0DF4C00DBF3D4 /* pm.app */,
			);
			name = Products;
			sourceTree = "<group>";
		};
		39597C321EF0DF4C00DBF3D4 /* pm */ = {
			isa = PBXGroup;
			children = (
				399FDAAA1EF12523006B93BA /* VectorMath.swift */,
				39FC0B8D1EF1155100675191 /* format */,
				39597C331EF0DF4C00DBF3D4 /* AppDelegate.swift */,
				39597C351EF0DF4C00DBF3D4 /* ViewController.swift */,
				39597C371EF0DF4C00DBF3D4 /* Main.storyboard */,
				39597C3A1EF0DF4C00DBF3D4 /* Assets.xcassets */,
				39597C3C1EF0DF4C00DBF3D4 /* LaunchScreen.storyboard */,
				39597C3F1EF0DF4C00DBF3D4 /* Info.plist */,
				39FC0B8B1EF1107C00675191 /* FileHandle.swift */,
				39D5C62B1EF784CA003DE7F1 /* Util.swift */,
			);
			path = pm;
			sourceTree = "<group>";
		};
		399FDAA71EF12222006B93BA /* Frameworks */ = {
			isa = PBXGroup;
			children = (
			);
			name = Frameworks;
			sourceTree = "<group>";
		};
		39FC0B8D1EF1155100675191 /* format */ = {
			isa = PBXGroup;
			children = (
				39FC0B8E1EF1158700675191 /* GFPackage.swift */,
				399FDAA51EF120A2006B93BA /* GFModelContainter.swift */,
				399FDAAC1EF12D49006B93BA /* GFContainer.swift */,
				39D7E8061EF2CC6000F315BA /* GFBone.swift */,
				3931FC6E1EF2D27B00B872A9 /* GFLut.swift */,
				3931FC721EF3743A00B872A9 /* PICACommandReader.swift */,
				3931FC741EF3A1F100B872A9 /* GFMaterial.swift */,
				3931FC761EF3B02500B872A9 /* GFTexture.swift */,
				390C12541EF3D546001D6B8E /* GFMesh.swift */,
				39D5C6271EF77BEE003DE7F1 /* GFSubMesh.swift */,
			);
			path = format;
			sourceTree = "<group>";
		};
/* End PBXGroup section */

/* Begin PBXNativeTarget section */
		39597C2F1EF0DF4C00DBF3D4 /* pm */ = {
			isa = PBXNativeTarget;
			buildConfigurationList = 39597C421EF0DF4C00DBF3D4 /* Build configuration list for PBXNativeTarget "pm" */;
			buildPhases = (
				39597C2C1EF0DF4C00DBF3D4 /* Sources */,
				39597C2D1EF0DF4C00DBF3D4 /* Frameworks */,
				39597C2E1EF0DF4C00DBF3D4 /* Resources */,
			);
			buildRules = (
			);
			dependencies = (
			);
			name = pm;
			productName = pm;
			productReference = 39597C301EF0DF4C00DBF3D4 /* pm.app */;
			productType = "com.apple.product-type.application";
		};
/* End PBXNativeTarget section */

/* Begin PBXProject section */
		39597C281EF0DF4C00DBF3D4 /* Project object */ = {
			isa = PBXProject;
			attributes = {
				LastSwiftUpdateCheck = 0900;
				LastUpgradeCheck = 0900;
				ORGANIZATIONNAME = wanghuai;
				TargetAttributes = {
					39597C2F1EF0DF4C00DBF3D4 = {
						CreatedOnToolsVersion = 9.0;
					};
				};
			};
			buildConfigurationList = 39597C2B1EF0DF4C00DBF3D4 /* Build configuration list for PBXProject "pm" */;
			compatibilityVersion = "Xcode 8.0";
			developmentRegion = en;
			hasScannedForEncodings = 0;
			knownRegions = (
				en,
				Base,
			);
			mainGroup = 39597C271EF0DF4C00DBF3D4;
			productRefGroup = 39597C311EF0DF4C00DBF3D4 /* Products */;
			projectDirPath = "";
			projectRoot = "";
			targets = (
				39597C2F1EF0DF4C00DBF3D4 /* pm */,
			);
		};
/* End PBXProject section */

/* Begin PBXResourcesBuildPhase section */
		39597C2E1EF0DF4C00DBF3D4 /* Resources */ = {
			isa = PBXResourcesBuildPhase;
			buildActionMask = 2147483647;
			files = (
				3909E45D1EF0E641002036CC /* file_00008.pc in Resources */,
				3909E45E1EF0E641002036CC /* file_00009.pc in Resources */,
				3909E45F1EF0E641002036CC /* file_00006.pc in Resources */,
				3909E4601EF0E641002036CC /* file_00002.pc in Resources */,
				3909E4611EF0E641002036CC /* file_00003.pc in Resources */,
				3909E4621EF0E641002036CC /* file_00007.pc in Resources */,
				3909E4631EF0E641002036CC /* file_00004.pc in Resources */,
				3909E4641EF0E641002036CC /* file_00005.pc in Resources */,
				3909E4651EF0E641002036CC /* file_00001.pc in Resources */,
				39597C3E1EF0DF4C00DBF3D4 /* LaunchScreen.storyboard in Resources */,
				39597C3B1EF0DF4C00DBF3D4 /* Assets.xcassets in Resources */,
				39597C391EF0DF4C00DBF3D4 /* Main.storyboard in Resources */,
			);
			runOnlyForDeploymentPostprocessing = 0;
		};
/* End PBXResourcesBuildPhase section */

/* Begin PBXSourcesBuildPhase section */
		39597C2C1EF0DF4C00DBF3D4 /* Sources */ = {
			isa = PBXSourcesBuildPhase;
			buildActionMask = 2147483647;
			files = (
				3931FC771EF3B02500B872A9 /* GFTexture.swift in Sources */,
				3931FC6F1EF2D27B00B872A9 /* GFLut.swift in Sources */,
				39D7E8071EF2CC6000F315BA /* GFBone.swift in Sources */,
				3931FC731EF3743A00B872A9 /* PICACommandReader.swift in Sources */,
				399FDAAB1EF125A6006B93BA /* VectorMath.swift in Sources */,
				399FDAA61EF120A2006B93BA /* GFModelContainter.swift in Sources */,
				39597C361EF0DF4C00DBF3D4 /* ViewController.swift in Sources */,
				39D5C62C1EF784CA003DE7F1 /* Util.swift in Sources */,
				3931FC751EF3A1F100B872A9 /* GFMaterial.swift in Sources */,
				39D5C6281EF77BEE003DE7F1 /* GFSubMesh.swift in Sources */,
				39FC0B8C1EF1107C00675191 /* FileHandle.swift in Sources */,
				390C12551EF3D546001D6B8E /* GFMesh.swift in Sources */,
				399FDAAD1EF12D49006B93BA /* GFContainer.swift in Sources */,
				39597C341EF0DF4C00DBF3D4 /* AppDelegate.swift in Sources */,
				39FC0B8F1EF1158700675191 /* GFPackage.swift in Sources */,
			);
			runOnlyForDeploymentPostprocessing = 0;
		};
/* End PBXSourcesBuildPhase section */

/* Begin PBXVariantGroup section */
		39597C371EF0DF4C00DBF3D4 /* Main.storyboard */ = {
			isa = PBXVariantGroup;
			children = (
				39597C381EF0DF4C00DBF3D4 /* Base */,
			);
			name = Main.storyboard;
			sourceTree = "<group>";
		};
		39597C3C1EF0DF4C00DBF3D4 /* LaunchScreen.storyboard */ = {
			isa = PBXVariantGroup;
			children = (
				39597C3D1EF0DF4C00DBF3D4 /* Base */,
			);
			name = LaunchScreen.storyboard;
			sourceTree = "<group>";
		};
/* End PBXVariantGroup section */

/* Begin XCBuildConfiguration section */
		39597C401EF0DF4C00DBF3D4 /* Debug */ = {
			isa = XCBuildConfiguration;
			buildSettings = {
				ALWAYS_SEARCH_USER_PATHS = NO;
				CLANG_ANALYZER_NONNULL = YES;
				CLANG_ANALYZER_NUMBER_OBJECT_CONVERSION = YES_AGGRESSIVE;
				CLANG_CXX_LANGUAGE_STANDARD = "gnu++14";
				CLANG_CXX_LIBRARY = "libc++";
				CLANG_ENABLE_MODULES = YES;
				CLANG_ENABLE_OBJC_ARC = YES;
				CLANG_WARN_BLOCK_CAPTURE_AUTORELEASING = YES;
				CLANG_WARN_BOOL_CONVERSION = YES;
				CLANG_WARN_COMMA = YES;
				CLANG_WARN_CONSTANT_CONVERSION = YES;
				CLANG_WARN_DIRECT_OBJC_ISA_USAGE = YES_ERROR;
				CLANG_WARN_DOCUMENTATION_COMMENTS = YES;
				CLANG_WARN_EMPTY_BODY = YES;
				CLANG_WARN_ENUM_CONVERSION = YES;
				CLANG_WARN_INFINITE_RECURSION = YES;
				CLANG_WARN_INT_CONVERSION = YES;
				CLANG_WARN_NON_LITERAL_NULL_CONVERSION = YES;
				CLANG_WARN_OBJC_LITERAL_CONVERSION = YES;
				CLANG_WARN_OBJC_ROOT_CLASS = YES_ERROR;
				CLANG_WARN_RANGE_LOOP_ANALYSIS = YES;
				CLANG_WARN_STRICT_PROTOTYPES = YES;
				CLANG_WARN_SUSPICIOUS_MOVE = YES;
				CLANG_WARN_UNGUARDED_AVAILABILITY = YES_AGGRESSIVE;
				CLANG_WARN_UNREACHABLE_CODE = YES;
				CLANG_WARN__DUPLICATE_METHOD_MATCH = YES;
				CODE_SIGN_IDENTITY = "iPhone Developer";
				COPY_PHASE_STRIP = NO;
				DEBUG_INFORMATION_FORMAT = dwarf;
				ENABLE_STRICT_OBJC_MSGSEND = YES;
				ENABLE_TESTABILITY = YES;
				GCC_C_LANGUAGE_STANDARD = gnu11;
				GCC_DYNAMIC_NO_PIC = NO;
				GCC_NO_COMMON_BLOCKS = YES;
				GCC_OPTIMIZATION_LEVEL = 0;
				GCC_PREPROCESSOR_DEFINITIONS = (
					"DEBUG=1",
					"$(inherited)",
				);
				GCC_WARN_64_TO_32_BIT_CONVERSION = YES;
				GCC_WARN_ABOUT_RETURN_TYPE = YES_ERROR;
				GCC_WARN_UNDECLARED_SELECTOR = YES;
				GCC_WARN_UNINITIALIZED_AUTOS = YES_AGGRESSIVE;
				GCC_WARN_UNUSED_FUNCTION = YES;
				GCC_WARN_UNUSED_VARIABLE = YES;
				IPHONEOS_DEPLOYMENT_TARGET = 11.0;
				MTL_ENABLE_DEBUG_INFO = YES;
				ONLY_ACTIVE_ARCH = YES;
				SDKROOT = iphoneos;
				SWIFT_ACTIVE_COMPILATION_CONDITIONS = DEBUG;
				SWIFT_OPTIMIZATION_LEVEL = "-Onone";
			};
			name = Debug;
		};
		39597C411EF0DF4C00DBF3D4 /* Release */ = {
			isa = XCBuildConfiguration;
			buildSettings = {
				ALWAYS_SEARCH_USER_PATHS = NO;
				CLANG_ANALYZER_NONNULL = YES;
				CLANG_ANALYZER_NUMBER_OBJECT_CONVERSION = YES_AGGRESSIVE;
				CLANG_CXX_LANGUAGE_STANDARD = "gnu++14";
				CLANG_CXX_LIBRARY = "libc++";
				CLANG_ENABLE_MODULES = YES;
				CLANG_ENABLE_OBJC_ARC = YES;
				CLANG_WARN_BLOCK_CAPTURE_AUTORELEASING = YES;
				CLANG_WARN_BOOL_CONVERSION = YES;
				CLANG_WARN_COMMA = YES;
				CLANG_WARN_CONSTANT_CONVERSION = YES;
				CLANG_WARN_DIRECT_OBJC_ISA_USAGE = YES_ERROR;
				CLANG_WARN_DOCUMENTATION_COMMENTS = YES;
				CLANG_WARN_EMPTY_BODY = YES;
				CLANG_WARN_ENUM_CONVERSION = YES;
				CLANG_WARN_INFINITE_RECURSION = YES;
				CLANG_WARN_INT_CONVERSION = YES;
				CLANG_WARN_NON_LITERAL_NULL_CONVERSION = YES;
				CLANG_WARN_OBJC_LITERAL_CONVERSION = YES;
				CLANG_WARN_OBJC_ROOT_CLASS = YES_ERROR;
				CLANG_WARN_RANGE_LOOP_ANALYSIS = YES;
				CLANG_WARN_STRICT_PROTOTYPES = YES;
				CLANG_WARN_SUSPICIOUS_MOVE = YES;
				CLANG_WARN_UNGUARDED_AVAILABILITY = YES_AGGRESSIVE;
				CLANG_WARN_UNREACHABLE_CODE = YES;
				CLANG_WARN__DUPLICATE_METHOD_MATCH = YES;
				CODE_SIGN_IDENTITY = "iPhone Developer";
				COPY_PHASE_STRIP = NO;
				DEBUG_INFORMATION_FORMAT = "dwarf-with-dsym";
				ENABLE_NS_ASSERTIONS = NO;
				ENABLE_STRICT_OBJC_MSGSEND = YES;
				GCC_C_LANGUAGE_STANDARD = gnu11;
				GCC_NO_COMMON_BLOCKS = YES;
				GCC_WARN_64_TO_32_BIT_CONVERSION = YES;
				GCC_WARN_ABOUT_RETURN_TYPE = YES_ERROR;
				GCC_WARN_UNDECLARED_SELECTOR = YES;
				GCC_WARN_UNINITIALIZED_AUTOS = YES_AGGRESSIVE;
				GCC_WARN_UNUSED_FUNCTION = YES;
				GCC_WARN_UNUSED_VARIABLE = YES;
				IPHONEOS_DEPLOYMENT_TARGET = 11.0;
				MTL_ENABLE_DEBUG_INFO = NO;
				SDKROOT = iphoneos;
				SWIFT_OPTIMIZATION_LEVEL = "-Owholemodule";
				VALIDATE_PRODUCT = YES;
			};
			name = Release;
		};
		39597C431EF0DF4C00DBF3D4 /* Debug */ = {
			isa = XCBuildConfiguration;
			buildSettings = {
				ASSETCATALOG_COMPILER_APPICON_NAME = AppIcon;
				DEVELOPMENT_TEAM = 6577BW8WA6;
				INFOPLIST_FILE = pm/Info.plist;
				LD_RUNPATH_SEARCH_PATHS = "$(inherited) @executable_path/Frameworks";
				PRODUCT_BUNDLE_IDENTIFIER = com.wanghuai.pm;
				PRODUCT_NAME = "$(TARGET_NAME)";
				SWIFT_VERSION = 4.0;
				TARGETED_DEVICE_FAMILY = "1,2";
			};
			name = Debug;
		};
		39597C441EF0DF4C00DBF3D4 /* Release */ = {
			isa = XCBuildConfiguration;
			buildSettings = {
				ASSETCATALOG_COMPILER_APPICON_NAME = AppIcon;
				DEVELOPMENT_TEAM = 6577BW8WA6;
				INFOPLIST_FILE = pm/Info.plist;
				LD_RUNPATH_SEARCH_PATHS = "$(inherited) @executable_path/Frameworks";
				PRODUCT_BUNDLE_IDENTIFIER = com.wanghuai.pm;
				PRODUCT_NAME = "$(TARGET_NAME)";
				SWIFT_VERSION = 4.0;
				TARGETED_DEVICE_FAMILY = "1,2";
			};
			name = Release;
		};
/* End XCBuildConfiguration section */

/* Begin XCConfigurationList section */
		39597C2B1EF0DF4C00DBF3D4 /* Build configuration list for PBXProject "pm" */ = {
			isa = XCConfigurationList;
			buildConfigurations = (
				39597C401EF0DF4C00DBF3D4 /* Debug */,
				39597C411EF0DF4C00DBF3D4 /* Release */,
			);
			defaultConfigurationIsVisible = 0;
			defaultConfigurationName = Release;
		};
		39597C421EF0DF4C00DBF3D4 /* Build configuration list for PBXNativeTarget "pm" */ = {
			isa = XCConfigurationList;
			buildConfigurations = (
				39597C431EF0DF4C00DBF3D4 /* Debug */,
				39597C441EF0DF4C00DBF3D4 /* Release */,
			);
			defaultConfigurationIsVisible = 0;
			defaultConfigurationName = Release;
		};
/* End XCConfigurationList section */
	};
	rootObject = 39597C281EF0DF4C00DBF3D4 /* Project object */;
}
