// !$*UTF8*$!
{
	archiveVersion = 1;
	classes = {
	};
	objectVersion = 48;
	objects = {

/* Begin PBXBuildFile section */
		390875701F03595B000FAAFB /* FileLoader.swift in Sources */ = {isa = PBXBuildFile; fileRef = 3908756F1F03595B000FAAFB /* FileLoader.swift */; };
		390C12551EF3D546001D6B8E /* GFMesh.swift in Sources */ = {isa = PBXBuildFile; fileRef = 390C12541EF3D546001D6B8E /* GFMesh.swift */; };
		391BAB131F01017C00E90798 /* GFAnimContainer.swift in Sources */ = {isa = PBXBuildFile; fileRef = 391BAB121F01017C00E90798 /* GFAnimContainer.swift */; };
		39275DCD1F02711E00208F69 /* AppDelegate.swift in Sources */ = {isa = PBXBuildFile; fileRef = 39275DCC1F02711E00208F69 /* AppDelegate.swift */; };
		39275DCF1F02711E00208F69 /* ViewController.swift in Sources */ = {isa = PBXBuildFile; fileRef = 39275DCE1F02711E00208F69 /* ViewController.swift */; };
		39275DD11F02711E00208F69 /* Assets.xcassets in Resources */ = {isa = PBXBuildFile; fileRef = 39275DD01F02711E00208F69 /* Assets.xcassets */; };
		39275DD41F02711E00208F69 /* Main.storyboard in Resources */ = {isa = PBXBuildFile; fileRef = 39275DD21F02711E00208F69 /* Main.storyboard */; };
		3931FC6F1EF2D27B00B872A9 /* GFLut.swift in Sources */ = {isa = PBXBuildFile; fileRef = 3931FC6E1EF2D27B00B872A9 /* GFLut.swift */; };
		3931FC731EF3743A00B872A9 /* PICACommandReader.swift in Sources */ = {isa = PBXBuildFile; fileRef = 3931FC721EF3743A00B872A9 /* PICACommandReader.swift */; };
		3931FC751EF3A1F100B872A9 /* GFMaterial.swift in Sources */ = {isa = PBXBuildFile; fileRef = 3931FC741EF3A1F100B872A9 /* GFMaterial.swift */; };
		3931FC771EF3B02500B872A9 /* GFSampler.swift in Sources */ = {isa = PBXBuildFile; fileRef = 3931FC761EF3B02500B872A9 /* GFSampler.swift */; };
		393773E11F0C8C61002F5078 /* DataMgr.swift in Sources */ = {isa = PBXBuildFile; fileRef = 393773E01F0C8C61002F5078 /* DataMgr.swift */; };
		39597C341EF0DF4C00DBF3D4 /* AppDelegate.swift in Sources */ = {isa = PBXBuildFile; fileRef = 39597C331EF0DF4C00DBF3D4 /* AppDelegate.swift */; };
		39597C361EF0DF4C00DBF3D4 /* ViewController.swift in Sources */ = {isa = PBXBuildFile; fileRef = 39597C351EF0DF4C00DBF3D4 /* ViewController.swift */; };
		39597C391EF0DF4C00DBF3D4 /* Main.storyboard in Resources */ = {isa = PBXBuildFile; fileRef = 39597C371EF0DF4C00DBF3D4 /* Main.storyboard */; };
		39597C3B1EF0DF4C00DBF3D4 /* Assets.xcassets in Resources */ = {isa = PBXBuildFile; fileRef = 39597C3A1EF0DF4C00DBF3D4 /* Assets.xcassets */; };
		39597C3E1EF0DF4C00DBF3D4 /* LaunchScreen.storyboard in Resources */ = {isa = PBXBuildFile; fileRef = 39597C3C1EF0DF4C00DBF3D4 /* LaunchScreen.storyboard */; };
		39636D0F1F03A4AB00C107AE /* Bone.swift in Sources */ = {isa = PBXBuildFile; fileRef = 39636D0E1F03A4AB00C107AE /* Bone.swift */; };
		39636D101F03A54B00C107AE /* Bone.swift in Sources */ = {isa = PBXBuildFile; fileRef = 39636D0E1F03A4AB00C107AE /* Bone.swift */; };
		3975E0D91F02755800503A63 /* FileHandle.swift in Sources */ = {isa = PBXBuildFile; fileRef = 39FC0B8B1EF1107C00675191 /* FileHandle.swift */; };
		3975E0DA1F02755800503A63 /* Util.swift in Sources */ = {isa = PBXBuildFile; fileRef = 39D5C62B1EF784CA003DE7F1 /* Util.swift */; };
		3975E0DB1F02755800503A63 /* VectorMath.swift in Sources */ = {isa = PBXBuildFile; fileRef = 399FDAAA1EF12523006B93BA /* VectorMath.swift */; };
		3975E0DC1F02755800503A63 /* GFBone.swift in Sources */ = {isa = PBXBuildFile; fileRef = 39D7E8061EF2CC6000F315BA /* GFBone.swift */; };
		3975E0DD1F02755800503A63 /* GFContainer.swift in Sources */ = {isa = PBXBuildFile; fileRef = 399FDAAC1EF12D49006B93BA /* GFContainer.swift */; };
		3975E0DE1F02755800503A63 /* GFLut.swift in Sources */ = {isa = PBXBuildFile; fileRef = 3931FC6E1EF2D27B00B872A9 /* GFLut.swift */; };
		3975E0DF1F02755800503A63 /* GFMaterial.swift in Sources */ = {isa = PBXBuildFile; fileRef = 3931FC741EF3A1F100B872A9 /* GFMaterial.swift */; };
		3975E0E01F02755800503A63 /* GFMesh.swift in Sources */ = {isa = PBXBuildFile; fileRef = 390C12541EF3D546001D6B8E /* GFMesh.swift */; };
		3975E0E11F02755800503A63 /* GFModelContainer.swift in Sources */ = {isa = PBXBuildFile; fileRef = 399FDAA51EF120A2006B93BA /* GFModelContainer.swift */; };
		3975E0E21F02755800503A63 /* GFPackage.swift in Sources */ = {isa = PBXBuildFile; fileRef = 39FC0B8E1EF1158700675191 /* GFPackage.swift */; };
		3975E0E31F02755800503A63 /* GFSampler.swift in Sources */ = {isa = PBXBuildFile; fileRef = 3931FC761EF3B02500B872A9 /* GFSampler.swift */; };
		3975E0E41F02755800503A63 /* GFSubMesh.swift in Sources */ = {isa = PBXBuildFile; fileRef = 39D5C6271EF77BEE003DE7F1 /* GFSubMesh.swift */; };
		3975E0E51F02755800503A63 /* GFTexture.swift in Sources */ = {isa = PBXBuildFile; fileRef = 399E840A1EFA2151006DF112 /* GFTexture.swift */; };
		3975E0E61F02755800503A63 /* GFTextureContainer.swift in Sources */ = {isa = PBXBuildFile; fileRef = 399E84081EFA1DB7006DF112 /* GFTextureContainer.swift */; };
		3975E0E71F02755800503A63 /* PICACommandReader.swift in Sources */ = {isa = PBXBuildFile; fileRef = 3931FC721EF3743A00B872A9 /* PICACommandReader.swift */; };
		3975E0E81F02755800503A63 /* PICAEnum.swift in Sources */ = {isa = PBXBuildFile; fileRef = 39E0937C1EFBA241009E1D29 /* PICAEnum.swift */; };
		3975E0E91F02755800503A63 /* PICAStruct.swift in Sources */ = {isa = PBXBuildFile; fileRef = 39B7D8221EFB754D002BA65E /* PICAStruct.swift */; };
		3975E0EA1F02755800503A63 /* GFFragShaderContainer.swift in Sources */ = {isa = PBXBuildFile; fileRef = 39F6DC5E1EFBC89C00F68FA4 /* GFFragShaderContainer.swift */; };
		3975E0EB1F02755800503A63 /* GFFragShader.swift in Sources */ = {isa = PBXBuildFile; fileRef = 39905F761EFBD38B000ECEC9 /* GFFragShader.swift */; };
		3975E0EC1F02755800503A63 /* GFAnimContainer.swift in Sources */ = {isa = PBXBuildFile; fileRef = 391BAB121F01017C00E90798 /* GFAnimContainer.swift */; };
		3975E0ED1F02755800503A63 /* GFSkeletonAnim.swift in Sources */ = {isa = PBXBuildFile; fileRef = 3975E4121F0108E800318E4A /* GFSkeletonAnim.swift */; };
		3975E0EE1F02755800503A63 /* GFMaterialAnim.swift in Sources */ = {isa = PBXBuildFile; fileRef = 39D61C121F011A610080352F /* GFMaterialAnim.swift */; };
		3975E0EF1F02755800503A63 /* GFVisibilityAnim.swift in Sources */ = {isa = PBXBuildFile; fileRef = 39D61C141F011ED90080352F /* GFVisibilityAnim.swift */; };
		3975E0F01F02755800503A63 /* Model.swift in Sources */ = {isa = PBXBuildFile; fileRef = 39CB9BD91EF7A55600280DD5 /* Model.swift */; };
		3975E0F11F02755800503A63 /* Mesh.swift in Sources */ = {isa = PBXBuildFile; fileRef = 39B249FD1EF90E9A003C1F77 /* Mesh.swift */; };
		3975E0F21F02755800503A63 /* SubMesh.swift in Sources */ = {isa = PBXBuildFile; fileRef = 39B249FF1EF90F2F003C1F77 /* SubMesh.swift */; };
		3975E0F31F02755800503A63 /* Material.swift in Sources */ = {isa = PBXBuildFile; fileRef = 399B14611EFA3AA500E6037F /* Material.swift */; };
		3975E0F41F02755800503A63 /* Texture.swift in Sources */ = {isa = PBXBuildFile; fileRef = 399B14631EFA3F8C00E6037F /* Texture.swift */; };
		3975E0F51F02756400503A63 /* res.bundle in Resources */ = {isa = PBXBuildFile; fileRef = 39B7D8201EFB7276002BA65E /* res.bundle */; };
		3975E0F61F02A4DD00503A63 /* Shader.metal in Sources */ = {isa = PBXBuildFile; fileRef = 39CB9BD41EF79FC900280DD5 /* Shader.metal */; };
		3975E4131F0108E800318E4A /* GFSkeletonAnim.swift in Sources */ = {isa = PBXBuildFile; fileRef = 3975E4121F0108E800318E4A /* GFSkeletonAnim.swift */; };
		398C23741F035E9B00512D6A /* RenderEngine.swift in Sources */ = {isa = PBXBuildFile; fileRef = 398D07CF1F034D75005F19E4 /* RenderEngine.swift */; };
		398C23751F035E9B00512D6A /* FileLoader.swift in Sources */ = {isa = PBXBuildFile; fileRef = 3908756F1F03595B000FAAFB /* FileLoader.swift */; };
		398C23771F0382D300512D6A /* Anim.swift in Sources */ = {isa = PBXBuildFile; fileRef = 398C23761F0382D300512D6A /* Anim.swift */; };
		398C23781F0382D300512D6A /* Anim.swift in Sources */ = {isa = PBXBuildFile; fileRef = 398C23761F0382D300512D6A /* Anim.swift */; };
		398D07D01F034D75005F19E4 /* RenderEngine.swift in Sources */ = {isa = PBXBuildFile; fileRef = 398D07CF1F034D75005F19E4 /* RenderEngine.swift */; };
		39905F771EFBD38B000ECEC9 /* GFFragShader.swift in Sources */ = {isa = PBXBuildFile; fileRef = 39905F761EFBD38B000ECEC9 /* GFFragShader.swift */; };
		399B14621EFA3AA500E6037F /* Material.swift in Sources */ = {isa = PBXBuildFile; fileRef = 399B14611EFA3AA500E6037F /* Material.swift */; };
		399B14641EFA3F8C00E6037F /* Texture.swift in Sources */ = {isa = PBXBuildFile; fileRef = 399B14631EFA3F8C00E6037F /* Texture.swift */; };
		399E84091EFA1DB7006DF112 /* GFTextureContainer.swift in Sources */ = {isa = PBXBuildFile; fileRef = 399E84081EFA1DB7006DF112 /* GFTextureContainer.swift */; };
		399E840B1EFA2151006DF112 /* GFTexture.swift in Sources */ = {isa = PBXBuildFile; fileRef = 399E840A1EFA2151006DF112 /* GFTexture.swift */; };
		399FDAA61EF120A2006B93BA /* GFModelContainer.swift in Sources */ = {isa = PBXBuildFile; fileRef = 399FDAA51EF120A2006B93BA /* GFModelContainer.swift */; };
		399FDAAB1EF125A6006B93BA /* VectorMath.swift in Sources */ = {isa = PBXBuildFile; fileRef = 399FDAAA1EF12523006B93BA /* VectorMath.swift */; };
		399FDAAD1EF12D49006B93BA /* GFContainer.swift in Sources */ = {isa = PBXBuildFile; fileRef = 399FDAAC1EF12D49006B93BA /* GFContainer.swift */; };
		39B249FE1EF90E9A003C1F77 /* Mesh.swift in Sources */ = {isa = PBXBuildFile; fileRef = 39B249FD1EF90E9A003C1F77 /* Mesh.swift */; };
		39B24A001EF90F2F003C1F77 /* SubMesh.swift in Sources */ = {isa = PBXBuildFile; fileRef = 39B249FF1EF90F2F003C1F77 /* SubMesh.swift */; };
		39B7D8211EFB7282002BA65E /* res.bundle in Resources */ = {isa = PBXBuildFile; fileRef = 39B7D8201EFB7276002BA65E /* res.bundle */; };
		39B7D8231EFB754D002BA65E /* PICAStruct.swift in Sources */ = {isa = PBXBuildFile; fileRef = 39B7D8221EFB754D002BA65E /* PICAStruct.swift */; };
		39BAB7E91F0C87E40094CBFC /* Model.xcdatamodeld in Sources */ = {isa = PBXBuildFile; fileRef = 39BAB7E71F0C87E40094CBFC /* Model.xcdatamodeld */; };
		39BAB7EA1F0C87E40094CBFC /* Model.xcdatamodeld in Sources */ = {isa = PBXBuildFile; fileRef = 39BAB7E71F0C87E40094CBFC /* Model.xcdatamodeld */; };
		39CB9BD51EF79FC900280DD5 /* Shader.metal in Sources */ = {isa = PBXBuildFile; fileRef = 39CB9BD41EF79FC900280DD5 /* Shader.metal */; };
		39CB9BDA1EF7A55600280DD5 /* Model.swift in Sources */ = {isa = PBXBuildFile; fileRef = 39CB9BD91EF7A55600280DD5 /* Model.swift */; };
		39D5C6281EF77BEE003DE7F1 /* GFSubMesh.swift in Sources */ = {isa = PBXBuildFile; fileRef = 39D5C6271EF77BEE003DE7F1 /* GFSubMesh.swift */; };
		39D5C62C1EF784CA003DE7F1 /* Util.swift in Sources */ = {isa = PBXBuildFile; fileRef = 39D5C62B1EF784CA003DE7F1 /* Util.swift */; };
		39D61C131F011A610080352F /* GFMaterialAnim.swift in Sources */ = {isa = PBXBuildFile; fileRef = 39D61C121F011A610080352F /* GFMaterialAnim.swift */; };
		39D61C151F011ED90080352F /* GFVisibilityAnim.swift in Sources */ = {isa = PBXBuildFile; fileRef = 39D61C141F011ED90080352F /* GFVisibilityAnim.swift */; };
		39D7E8071EF2CC6000F315BA /* GFBone.swift in Sources */ = {isa = PBXBuildFile; fileRef = 39D7E8061EF2CC6000F315BA /* GFBone.swift */; };
		39E0937D1EFBA241009E1D29 /* PICAEnum.swift in Sources */ = {isa = PBXBuildFile; fileRef = 39E0937C1EFBA241009E1D29 /* PICAEnum.swift */; };
		39F6DC5F1EFBC89C00F68FA4 /* GFFragShaderContainer.swift in Sources */ = {isa = PBXBuildFile; fileRef = 39F6DC5E1EFBC89C00F68FA4 /* GFFragShaderContainer.swift */; };
		39FC0B8C1EF1107C00675191 /* FileHandle.swift in Sources */ = {isa = PBXBuildFile; fileRef = 39FC0B8B1EF1107C00675191 /* FileHandle.swift */; };
		39FC0B8F1EF1158700675191 /* GFPackage.swift in Sources */ = {isa = PBXBuildFile; fileRef = 39FC0B8E1EF1158700675191 /* GFPackage.swift */; };
/* End PBXBuildFile section */

/* Begin PBXFileReference section */
		3908756F1F03595B000FAAFB /* FileLoader.swift */ = {isa = PBXFileReference; lastKnownFileType = sourcecode.swift; path = FileLoader.swift; sourceTree = "<group>"; };
		390C12541EF3D546001D6B8E /* GFMesh.swift */ = {isa = PBXFileReference; lastKnownFileType = sourcecode.swift; path = GFMesh.swift; sourceTree = "<group>"; };
		391BAB121F01017C00E90798 /* GFAnimContainer.swift */ = {isa = PBXFileReference; lastKnownFileType = sourcecode.swift; path = GFAnimContainer.swift; sourceTree = "<group>"; };
		39275DCA1F02711E00208F69 /* pm_mac.app */ = {isa = PBXFileReference; explicitFileType = wrapper.application; includeInIndex = 0; path = pm_mac.app; sourceTree = BUILT_PRODUCTS_DIR; };
		39275DCC1F02711E00208F69 /* AppDelegate.swift */ = {isa = PBXFileReference; lastKnownFileType = sourcecode.swift; path = AppDelegate.swift; sourceTree = "<group>"; };
		39275DCE1F02711E00208F69 /* ViewController.swift */ = {isa = PBXFileReference; lastKnownFileType = sourcecode.swift; path = ViewController.swift; sourceTree = "<group>"; };
		39275DD01F02711E00208F69 /* Assets.xcassets */ = {isa = PBXFileReference; lastKnownFileType = folder.assetcatalog; path = Assets.xcassets; sourceTree = "<group>"; };
		39275DD31F02711E00208F69 /* Base */ = {isa = PBXFileReference; lastKnownFileType = file.storyboard; name = Base; path = Base.lproj/Main.storyboard; sourceTree = "<group>"; };
		39275DD51F02711E00208F69 /* Info.plist */ = {isa = PBXFileReference; lastKnownFileType = text.plist.xml; path = Info.plist; sourceTree = "<group>"; };
		39275DD61F02711E00208F69 /* pm_mac.entitlements */ = {isa = PBXFileReference; lastKnownFileType = text.plist.entitlements; path = pm_mac.entitlements; sourceTree = "<group>"; };
		3931FC6E1EF2D27B00B872A9 /* GFLut.swift */ = {isa = PBXFileReference; lastKnownFileType = sourcecode.swift; path = GFLut.swift; sourceTree = "<group>"; };
		3931FC721EF3743A00B872A9 /* PICACommandReader.swift */ = {isa = PBXFileReference; lastKnownFileType = sourcecode.swift; path = PICACommandReader.swift; sourceTree = "<group>"; };
		3931FC741EF3A1F100B872A9 /* GFMaterial.swift */ = {isa = PBXFileReference; lastKnownFileType = sourcecode.swift; path = GFMaterial.swift; sourceTree = "<group>"; };
		3931FC761EF3B02500B872A9 /* GFSampler.swift */ = {isa = PBXFileReference; lastKnownFileType = sourcecode.swift; path = GFSampler.swift; sourceTree = "<group>"; };
		393773DE1F0C8B1D002F5078 /* Pokemon+CoreDataProperties.swift */ = {isa = PBXFileReference; lastKnownFileType = sourcecode.swift; path = "Pokemon+CoreDataProperties.swift"; sourceTree = "<group>"; };
		393773DF1F0C8B1D002F5078 /* Pokemon+CoreDataClass.swift */ = {isa = PBXFileReference; lastKnownFileType = sourcecode.swift; path = "Pokemon+CoreDataClass.swift"; sourceTree = "<group>"; };
		393773E01F0C8C61002F5078 /* DataMgr.swift */ = {isa = PBXFileReference; lastKnownFileType = sourcecode.swift; path = DataMgr.swift; sourceTree = "<group>"; };
		3955D81622B5234D003EC037 /* pm_ios.entitlements */ = {isa = PBXFileReference; lastKnownFileType = text.plist.entitlements; path = pm_ios.entitlements; sourceTree = "<group>"; };
		39597C301EF0DF4C00DBF3D4 /* pm_ios.app */ = {isa = PBXFileReference; explicitFileType = wrapper.application; includeInIndex = 0; path = pm_ios.app; sourceTree = BUILT_PRODUCTS_DIR; };
		39597C331EF0DF4C00DBF3D4 /* AppDelegate.swift */ = {isa = PBXFileReference; lastKnownFileType = sourcecode.swift; path = AppDelegate.swift; sourceTree = "<group>"; };
		39597C351EF0DF4C00DBF3D4 /* ViewController.swift */ = {isa = PBXFileReference; lastKnownFileType = sourcecode.swift; path = ViewController.swift; sourceTree = "<group>"; };
		39597C381EF0DF4C00DBF3D4 /* Base */ = {isa = PBXFileReference; lastKnownFileType = file.storyboard; name = Base; path = Base.lproj/Main.storyboard; sourceTree = "<group>"; };
		39597C3A1EF0DF4C00DBF3D4 /* Assets.xcassets */ = {isa = PBXFileReference; lastKnownFileType = folder.assetcatalog; path = Assets.xcassets; sourceTree = "<group>"; };
		39597C3D1EF0DF4C00DBF3D4 /* Base */ = {isa = PBXFileReference; lastKnownFileType = file.storyboard; name = Base; path = Base.lproj/LaunchScreen.storyboard; sourceTree = "<group>"; };
		39597C3F1EF0DF4C00DBF3D4 /* Info.plist */ = {isa = PBXFileReference; lastKnownFileType = text.plist.xml; path = Info.plist; sourceTree = "<group>"; };
		39636D0E1F03A4AB00C107AE /* Bone.swift */ = {isa = PBXFileReference; lastKnownFileType = sourcecode.swift; path = Bone.swift; sourceTree = "<group>"; };
		3975E4121F0108E800318E4A /* GFSkeletonAnim.swift */ = {isa = PBXFileReference; lastKnownFileType = sourcecode.swift; path = GFSkeletonAnim.swift; sourceTree = "<group>"; };
		398C23761F0382D300512D6A /* Anim.swift */ = {isa = PBXFileReference; lastKnownFileType = sourcecode.swift; path = Anim.swift; sourceTree = "<group>"; };
		398D07CF1F034D75005F19E4 /* RenderEngine.swift */ = {isa = PBXFileReference; lastKnownFileType = sourcecode.swift; path = RenderEngine.swift; sourceTree = "<group>"; };
		39905F761EFBD38B000ECEC9 /* GFFragShader.swift */ = {isa = PBXFileReference; lastKnownFileType = sourcecode.swift; path = GFFragShader.swift; sourceTree = "<group>"; };
		399B14611EFA3AA500E6037F /* Material.swift */ = {isa = PBXFileReference; lastKnownFileType = sourcecode.swift; path = Material.swift; sourceTree = "<group>"; };
		399B14631EFA3F8C00E6037F /* Texture.swift */ = {isa = PBXFileReference; lastKnownFileType = sourcecode.swift; path = Texture.swift; sourceTree = "<group>"; };
		399E84081EFA1DB7006DF112 /* GFTextureContainer.swift */ = {isa = PBXFileReference; lastKnownFileType = sourcecode.swift; path = GFTextureContainer.swift; sourceTree = "<group>"; };
		399E840A1EFA2151006DF112 /* GFTexture.swift */ = {isa = PBXFileReference; lastKnownFileType = sourcecode.swift; path = GFTexture.swift; sourceTree = "<group>"; };
		399FDAA51EF120A2006B93BA /* GFModelContainer.swift */ = {isa = PBXFileReference; lastKnownFileType = sourcecode.swift; path = GFModelContainer.swift; sourceTree = "<group>"; };
		399FDAAA1EF12523006B93BA /* VectorMath.swift */ = {isa = PBXFileReference; lastKnownFileType = sourcecode.swift; path = VectorMath.swift; sourceTree = "<group>"; };
		399FDAAC1EF12D49006B93BA /* GFContainer.swift */ = {isa = PBXFileReference; lastKnownFileType = sourcecode.swift; path = GFContainer.swift; sourceTree = "<group>"; };
		39B249FD1EF90E9A003C1F77 /* Mesh.swift */ = {isa = PBXFileReference; lastKnownFileType = sourcecode.swift; path = Mesh.swift; sourceTree = "<group>"; };
		39B249FF1EF90F2F003C1F77 /* SubMesh.swift */ = {isa = PBXFileReference; lastKnownFileType = sourcecode.swift; path = SubMesh.swift; sourceTree = "<group>"; };
		39B3C7F91F0C96EE009DF0D0 /* pm.sqlite */ = {isa = PBXFileReference; lastKnownFileType = file; path = pm.sqlite; sourceTree = "<group>"; };
		39B7D8201EFB7276002BA65E /* res.bundle */ = {isa = PBXFileReference; lastKnownFileType = "wrapper.plug-in"; path = res.bundle; sourceTree = "<group>"; };
		39B7D8221EFB754D002BA65E /* PICAStruct.swift */ = {isa = PBXFileReference; lastKnownFileType = sourcecode.swift; path = PICAStruct.swift; sourceTree = "<group>"; };
		39BAB7E81F0C87E40094CBFC /* Model.xcdatamodel */ = {isa = PBXFileReference; lastKnownFileType = wrapper.xcdatamodel; path = Model.xcdatamodel; sourceTree = "<group>"; };
		39CB9BD41EF79FC900280DD5 /* Shader.metal */ = {isa = PBXFileReference; lastKnownFileType = sourcecode.metal; path = Shader.metal; sourceTree = "<group>"; };
		39CB9BD91EF7A55600280DD5 /* Model.swift */ = {isa = PBXFileReference; lastKnownFileType = sourcecode.swift; path = Model.swift; sourceTree = "<group>"; };
		39D5C6271EF77BEE003DE7F1 /* GFSubMesh.swift */ = {isa = PBXFileReference; lastKnownFileType = sourcecode.swift; path = GFSubMesh.swift; sourceTree = "<group>"; };
		39D5C62B1EF784CA003DE7F1 /* Util.swift */ = {isa = PBXFileReference; lastKnownFileType = sourcecode.swift; path = Util.swift; sourceTree = "<group>"; };
		39D61C121F011A610080352F /* GFMaterialAnim.swift */ = {isa = PBXFileReference; lastKnownFileType = sourcecode.swift; path = GFMaterialAnim.swift; sourceTree = "<group>"; };
		39D61C141F011ED90080352F /* GFVisibilityAnim.swift */ = {isa = PBXFileReference; lastKnownFileType = sourcecode.swift; path = GFVisibilityAnim.swift; sourceTree = "<group>"; };
		39D7E8061EF2CC6000F315BA /* GFBone.swift */ = {isa = PBXFileReference; lastKnownFileType = sourcecode.swift; path = GFBone.swift; sourceTree = "<group>"; };
		39E0937C1EFBA241009E1D29 /* PICAEnum.swift */ = {isa = PBXFileReference; lastKnownFileType = sourcecode.swift; path = PICAEnum.swift; sourceTree = "<group>"; };
		39F6DC5E1EFBC89C00F68FA4 /* GFFragShaderContainer.swift */ = {isa = PBXFileReference; lastKnownFileType = sourcecode.swift; path = GFFragShaderContainer.swift; sourceTree = "<group>"; };
		39FC0B8B1EF1107C00675191 /* FileHandle.swift */ = {isa = PBXFileReference; lastKnownFileType = sourcecode.swift; path = FileHandle.swift; sourceTree = "<group>"; };
		39FC0B8E1EF1158700675191 /* GFPackage.swift */ = {isa = PBXFileReference; lastKnownFileType = sourcecode.swift; path = GFPackage.swift; sourceTree = "<group>"; };
/* End PBXFileReference section */

/* Begin PBXFrameworksBuildPhase section */
		39275DC71F02711E00208F69 /* Frameworks */ = {
			isa = PBXFrameworksBuildPhase;
			buildActionMask = 2147483647;
			files = (
			);
			runOnlyForDeploymentPostprocessing = 0;
		};
		39597C2D1EF0DF4C00DBF3D4 /* Frameworks */ = {
			isa = PBXFrameworksBuildPhase;
			buildActionMask = 2147483647;
			files = (
			);
			runOnlyForDeploymentPostprocessing = 0;
		};
/* End PBXFrameworksBuildPhase section */

/* Begin PBXGroup section */
		39275DCB1F02711E00208F69 /* pm_mac */ = {
			isa = PBXGroup;
			children = (
				39275DCC1F02711E00208F69 /* AppDelegate.swift */,
				39275DCE1F02711E00208F69 /* ViewController.swift */,
				39275DD51F02711E00208F69 /* Info.plist */,
				39275DD01F02711E00208F69 /* Assets.xcassets */,
				39275DD21F02711E00208F69 /* Main.storyboard */,
				39275DD61F02711E00208F69 /* pm_mac.entitlements */,
			);
			path = pm_mac;
			sourceTree = "<group>";
		};
		393773DD1F0C8B1D002F5078 /* model */ = {
			isa = PBXGroup;
			children = (
				393773DE1F0C8B1D002F5078 /* Pokemon+CoreDataProperties.swift */,
				393773DF1F0C8B1D002F5078 /* Pokemon+CoreDataClass.swift */,
			);
			path = model;
			sourceTree = "<group>";
		};
		39597C271EF0DF4C00DBF3D4 = {
			isa = PBXGroup;
			children = (
				39B3C7F91F0C96EE009DF0D0 /* pm.sqlite */,
				39BAB7E71F0C87E40094CBFC /* Model.xcdatamodeld */,
				398C23791F0382E300512D6A /* pm */,
				39597C321EF0DF4C00DBF3D4 /* pm_ios */,
				39275DCB1F02711E00208F69 /* pm_mac */,
				39597C311EF0DF4C00DBF3D4 /* Products */,
				399FDAA71EF12222006B93BA /* Frameworks */,
				39B7D8201EFB7276002BA65E /* res.bundle */,
			);
			sourceTree = "<group>";
		};
		39597C311EF0DF4C00DBF3D4 /* Products */ = {
			isa = PBXGroup;
			children = (
				39597C301EF0DF4C00DBF3D4 /* pm_ios.app */,
				39275DCA1F02711E00208F69 /* pm_mac.app */,
			);
			name = Products;
			sourceTree = "<group>";
		};
		39597C321EF0DF4C00DBF3D4 /* pm_ios */ = {
			isa = PBXGroup;
			children = (
				3955D81622B5234D003EC037 /* pm_ios.entitlements */,
				39597C331EF0DF4C00DBF3D4 /* AppDelegate.swift */,
				39597C351EF0DF4C00DBF3D4 /* ViewController.swift */,
				39597C3F1EF0DF4C00DBF3D4 /* Info.plist */,
				39597C3A1EF0DF4C00DBF3D4 /* Assets.xcassets */,
				39597C3C1EF0DF4C00DBF3D4 /* LaunchScreen.storyboard */,
				39597C371EF0DF4C00DBF3D4 /* Main.storyboard */,
			);
			path = pm_ios;
			sourceTree = "<group>";
		};
		398C23791F0382E300512D6A /* pm */ = {
			isa = PBXGroup;
			children = (
				393773DD1F0C8B1D002F5078 /* model */,
				39FC0B8D1EF1155100675191 /* format */,
				39CB9BD61EF7A51E00280DD5 /* render */,
				39FC0B8B1EF1107C00675191 /* FileHandle.swift */,
				3908756F1F03595B000FAAFB /* FileLoader.swift */,
				39D5C62B1EF784CA003DE7F1 /* Util.swift */,
				399FDAAA1EF12523006B93BA /* VectorMath.swift */,
				393773E01F0C8C61002F5078 /* DataMgr.swift */,
			);
			path = pm;
			sourceTree = "<group>";
		};
		399FDAA71EF12222006B93BA /* Frameworks */ = {
			isa = PBXGroup;
			children = (
			);
			name = Frameworks;
			sourceTree = "<group>";
		};
		39CB9BD61EF7A51E00280DD5 /* render */ = {
			isa = PBXGroup;
			children = (
				39CB9BD41EF79FC900280DD5 /* Shader.metal */,
				398D07CF1F034D75005F19E4 /* RenderEngine.swift */,
				39CB9BD91EF7A55600280DD5 /* Model.swift */,
				39B249FD1EF90E9A003C1F77 /* Mesh.swift */,
				39B249FF1EF90F2F003C1F77 /* SubMesh.swift */,
				399B14611EFA3AA500E6037F /* Material.swift */,
				399B14631EFA3F8C00E6037F /* Texture.swift */,
				398C23761F0382D300512D6A /* Anim.swift */,
				39636D0E1F03A4AB00C107AE /* Bone.swift */,
			);
			path = render;
			sourceTree = "<group>";
		};
		39FC0B8D1EF1155100675191 /* format */ = {
			isa = PBXGroup;
			children = (
				39D7E8061EF2CC6000F315BA /* GFBone.swift */,
				399FDAAC1EF12D49006B93BA /* GFContainer.swift */,
				3931FC6E1EF2D27B00B872A9 /* GFLut.swift */,
				3931FC741EF3A1F100B872A9 /* GFMaterial.swift */,
				390C12541EF3D546001D6B8E /* GFMesh.swift */,
				399FDAA51EF120A2006B93BA /* GFModelContainer.swift */,
				39FC0B8E1EF1158700675191 /* GFPackage.swift */,
				3931FC761EF3B02500B872A9 /* GFSampler.swift */,
				39D5C6271EF77BEE003DE7F1 /* GFSubMesh.swift */,
				399E840A1EFA2151006DF112 /* GFTexture.swift */,
				399E84081EFA1DB7006DF112 /* GFTextureContainer.swift */,
				3931FC721EF3743A00B872A9 /* PICACommandReader.swift */,
				39E0937C1EFBA241009E1D29 /* PICAEnum.swift */,
				39B7D8221EFB754D002BA65E /* PICAStruct.swift */,
				39F6DC5E1EFBC89C00F68FA4 /* GFFragShaderContainer.swift */,
				39905F761EFBD38B000ECEC9 /* GFFragShader.swift */,
				391BAB121F01017C00E90798 /* GFAnimContainer.swift */,
				3975E4121F0108E800318E4A /* GFSkeletonAnim.swift */,
				39D61C121F011A610080352F /* GFMaterialAnim.swift */,
				39D61C141F011ED90080352F /* GFVisibilityAnim.swift */,
			);
			path = format;
			sourceTree = "<group>";
		};
/* End PBXGroup section */

/* Begin PBXNativeTarget section */
		39275DC91F02711E00208F69 /* pm_mac */ = {
			isa = PBXNativeTarget;
			buildConfigurationList = 39275DD91F02711E00208F69 /* Build configuration list for PBXNativeTarget "pm_mac" */;
			buildPhases = (
				39275DC61F02711E00208F69 /* Sources */,
				39275DC71F02711E00208F69 /* Frameworks */,
				39275DC81F02711E00208F69 /* Resources */,
			);
			buildRules = (
			);
			dependencies = (
			);
			name = pm_mac;
			productName = pm_mac;
			productReference = 39275DCA1F02711E00208F69 /* pm_mac.app */;
			productType = "com.apple.product-type.application";
		};
		39597C2F1EF0DF4C00DBF3D4 /* pm_ios */ = {
			isa = PBXNativeTarget;
			buildConfigurationList = 39597C421EF0DF4C00DBF3D4 /* Build configuration list for PBXNativeTarget "pm_ios" */;
			buildPhases = (
				39597C2C1EF0DF4C00DBF3D4 /* Sources */,
				39597C2D1EF0DF4C00DBF3D4 /* Frameworks */,
				39597C2E1EF0DF4C00DBF3D4 /* Resources */,
			);
			buildRules = (
			);
			dependencies = (
			);
			name = pm_ios;
			productName = pm;
			productReference = 39597C301EF0DF4C00DBF3D4 /* pm_ios.app */;
			productType = "com.apple.product-type.application";
		};
/* End PBXNativeTarget section */

/* Begin PBXProject section */
		39597C281EF0DF4C00DBF3D4 /* Project object */ = {
			isa = PBXProject;
			attributes = {
				LastSwiftUpdateCheck = 0900;
				LastUpgradeCheck = 1100;
				ORGANIZATIONNAME = wanghuai;
				TargetAttributes = {
					39275DC91F02711E00208F69 = {
						CreatedOnToolsVersion = 9.0;
						LastSwiftMigration = 1020;
					};
					39597C2F1EF0DF4C00DBF3D4 = {
						CreatedOnToolsVersion = 9.0;
						LastSwiftMigration = 1100;
						ProvisioningStyle = Automatic;
					};
				};
			};
			buildConfigurationList = 39597C2B1EF0DF4C00DBF3D4 /* Build configuration list for PBXProject "pm" */;
			compatibilityVersion = "Xcode 8.0";
			developmentRegion = en;
			hasScannedForEncodings = 0;
			knownRegions = (
				en,
				Base,
			);
			mainGroup = 39597C271EF0DF4C00DBF3D4;
			productRefGroup = 39597C311EF0DF4C00DBF3D4 /* Products */;
			projectDirPath = "";
			projectRoot = "";
			targets = (
				39597C2F1EF0DF4C00DBF3D4 /* pm_ios */,
				39275DC91F02711E00208F69 /* pm_mac */,
			);
		};
/* End PBXProject section */

/* Begin PBXResourcesBuildPhase section */
		39275DC81F02711E00208F69 /* Resources */ = {
			isa = PBXResourcesBuildPhase;
			buildActionMask = 2147483647;
			files = (
				3975E0F51F02756400503A63 /* res.bundle in Resources */,
				39275DD11F02711E00208F69 /* Assets.xcassets in Resources */,
				39275DD41F02711E00208F69 /* Main.storyboard in Resources */,
			);
			runOnlyForDeploymentPostprocessing = 0;
		};
		39597C2E1EF0DF4C00DBF3D4 /* Resources */ = {
			isa = PBXResourcesBuildPhase;
			buildActionMask = 2147483647;
			files = (
				39B7D8211EFB7282002BA65E /* res.bundle in Resources */,
				39597C3E1EF0DF4C00DBF3D4 /* LaunchScreen.storyboard in Resources */,
				39597C3B1EF0DF4C00DBF3D4 /* Assets.xcassets in Resources */,
				39597C391EF0DF4C00DBF3D4 /* Main.storyboard in Resources */,
			);
			runOnlyForDeploymentPostprocessing = 0;
		};
/* End PBXResourcesBuildPhase section */

/* Begin PBXSourcesBuildPhase section */
		39275DC61F02711E00208F69 /* Sources */ = {
			isa = PBXSourcesBuildPhase;
			buildActionMask = 2147483647;
			files = (
				39636D101F03A54B00C107AE /* Bone.swift in Sources */,
				398C23741F035E9B00512D6A /* RenderEngine.swift in Sources */,
				398C23751F035E9B00512D6A /* FileLoader.swift in Sources */,
				3975E0F61F02A4DD00503A63 /* Shader.metal in Sources */,
				3975E0D91F02755800503A63 /* FileHandle.swift in Sources */,
				3975E0DA1F02755800503A63 /* Util.swift in Sources */,
				3975E0DB1F02755800503A63 /* VectorMath.swift in Sources */,
				3975E0DC1F02755800503A63 /* GFBone.swift in Sources */,
				3975E0DD1F02755800503A63 /* GFContainer.swift in Sources */,
				3975E0DE1F02755800503A63 /* GFLut.swift in Sources */,
				3975E0DF1F02755800503A63 /* GFMaterial.swift in Sources */,
				3975E0E01F02755800503A63 /* GFMesh.swift in Sources */,
				3975E0E11F02755800503A63 /* GFModelContainer.swift in Sources */,
				3975E0E21F02755800503A63 /* GFPackage.swift in Sources */,
				3975E0E31F02755800503A63 /* GFSampler.swift in Sources */,
				3975E0E41F02755800503A63 /* GFSubMesh.swift in Sources */,
				3975E0E51F02755800503A63 /* GFTexture.swift in Sources */,
				3975E0E61F02755800503A63 /* GFTextureContainer.swift in Sources */,
				3975E0E71F02755800503A63 /* PICACommandReader.swift in Sources */,
				398C23781F0382D300512D6A /* Anim.swift in Sources */,
				3975E0E81F02755800503A63 /* PICAEnum.swift in Sources */,
				3975E0E91F02755800503A63 /* PICAStruct.swift in Sources */,
				3975E0EA1F02755800503A63 /* GFFragShaderContainer.swift in Sources */,
				39BAB7EA1F0C87E40094CBFC /* Model.xcdatamodeld in Sources */,
				3975E0EB1F02755800503A63 /* GFFragShader.swift in Sources */,
				3975E0EC1F02755800503A63 /* GFAnimContainer.swift in Sources */,
				3975E0ED1F02755800503A63 /* GFSkeletonAnim.swift in Sources */,
				3975E0EE1F02755800503A63 /* GFMaterialAnim.swift in Sources */,
				3975E0EF1F02755800503A63 /* GFVisibilityAnim.swift in Sources */,
				3975E0F01F02755800503A63 /* Model.swift in Sources */,
				3975E0F11F02755800503A63 /* Mesh.swift in Sources */,
				3975E0F21F02755800503A63 /* SubMesh.swift in Sources */,
				3975E0F31F02755800503A63 /* Material.swift in Sources */,
				3975E0F41F02755800503A63 /* Texture.swift in Sources */,
				39275DCF1F02711E00208F69 /* ViewController.swift in Sources */,
				39275DCD1F02711E00208F69 /* AppDelegate.swift in Sources */,
			);
			runOnlyForDeploymentPostprocessing = 0;
		};
		39597C2C1EF0DF4C00DBF3D4 /* Sources */ = {
			isa = PBXSourcesBuildPhase;
			buildActionMask = 2147483647;
			files = (
				3931FC771EF3B02500B872A9 /* GFSampler.swift in Sources */,
				3931FC6F1EF2D27B00B872A9 /* GFLut.swift in Sources */,
				39D7E8071EF2CC6000F315BA /* GFBone.swift in Sources */,
				390875701F03595B000FAAFB /* FileLoader.swift in Sources */,
				398D07D01F034D75005F19E4 /* RenderEngine.swift in Sources */,
				3931FC731EF3743A00B872A9 /* PICACommandReader.swift in Sources */,
				39CB9BD51EF79FC900280DD5 /* Shader.metal in Sources */,
				399FDAAB1EF125A6006B93BA /* VectorMath.swift in Sources */,
				39905F771EFBD38B000ECEC9 /* GFFragShader.swift in Sources */,
				399E840B1EFA2151006DF112 /* GFTexture.swift in Sources */,
				39B249FE1EF90E9A003C1F77 /* Mesh.swift in Sources */,
				39F6DC5F1EFBC89C00F68FA4 /* GFFragShaderContainer.swift in Sources */,
				399FDAA61EF120A2006B93BA /* GFModelContainer.swift in Sources */,
				39597C361EF0DF4C00DBF3D4 /* ViewController.swift in Sources */,
				39D5C62C1EF784CA003DE7F1 /* Util.swift in Sources */,
				3975E4131F0108E800318E4A /* GFSkeletonAnim.swift in Sources */,
				3931FC751EF3A1F100B872A9 /* GFMaterial.swift in Sources */,
				391BAB131F01017C00E90798 /* GFAnimContainer.swift in Sources */,
				398C23771F0382D300512D6A /* Anim.swift in Sources */,
				399B14621EFA3AA500E6037F /* Material.swift in Sources */,
				39B7D8231EFB754D002BA65E /* PICAStruct.swift in Sources */,
				39E0937D1EFBA241009E1D29 /* PICAEnum.swift in Sources */,
				399B14641EFA3F8C00E6037F /* Texture.swift in Sources */,
				39BAB7E91F0C87E40094CBFC /* Model.xcdatamodeld in Sources */,
				39D61C151F011ED90080352F /* GFVisibilityAnim.swift in Sources */,
				39B24A001EF90F2F003C1F77 /* SubMesh.swift in Sources */,
				39CB9BDA1EF7A55600280DD5 /* Model.swift in Sources */,
				39D5C6281EF77BEE003DE7F1 /* GFSubMesh.swift in Sources */,
				39FC0B8C1EF1107C00675191 /* FileHandle.swift in Sources */,
				39636D0F1F03A4AB00C107AE /* Bone.swift in Sources */,
				390C12551EF3D546001D6B8E /* GFMesh.swift in Sources */,
				399FDAAD1EF12D49006B93BA /* GFContainer.swift in Sources */,
				39D61C131F011A610080352F /* GFMaterialAnim.swift in Sources */,
				393773E11F0C8C61002F5078 /* DataMgr.swift in Sources */,
				399E84091EFA1DB7006DF112 /* GFTextureContainer.swift in Sources */,
				39597C341EF0DF4C00DBF3D4 /* AppDelegate.swift in Sources */,
				39FC0B8F1EF1158700675191 /* GFPackage.swift in Sources */,
			);
			runOnlyForDeploymentPostprocessing = 0;
		};
/* End PBXSourcesBuildPhase section */

/* Begin PBXVariantGroup section */
		39275DD21F02711E00208F69 /* Main.storyboard */ = {
			isa = PBXVariantGroup;
			children = (
				39275DD31F02711E00208F69 /* Base */,
			);
			name = Main.storyboard;
			sourceTree = "<group>";
		};
		39597C371EF0DF4C00DBF3D4 /* Main.storyboard */ = {
			isa = PBXVariantGroup;
			children = (
				39597C381EF0DF4C00DBF3D4 /* Base */,
			);
			name = Main.storyboard;
			sourceTree = "<group>";
		};
		39597C3C1EF0DF4C00DBF3D4 /* LaunchScreen.storyboard */ = {
			isa = PBXVariantGroup;
			children = (
				39597C3D1EF0DF4C00DBF3D4 /* Base */,
			);
			name = LaunchScreen.storyboard;
			sourceTree = "<group>";
		};
/* End PBXVariantGroup section */

/* Begin XCBuildConfiguration section */
		39275DD71F02711E00208F69 /* Debug */ = {
			isa = XCBuildConfiguration;
			buildSettings = {
				ASSETCATALOG_COMPILER_APPICON_NAME = AppIcon;
				CODE_SIGN_ENTITLEMENTS = pm_mac/pm_mac.entitlements;
				CODE_SIGN_IDENTITY = "Mac Developer";
				COMBINE_HIDPI_IMAGES = YES;
				DEVELOPMENT_TEAM = 2N3FCRXTUX;
				ENABLE_HARDENED_RUNTIME = YES;
				INFOPLIST_FILE = pm_mac/Info.plist;
				LD_RUNPATH_SEARCH_PATHS = "$(inherited) @executable_path/../Frameworks";
				MACOSX_DEPLOYMENT_TARGET = 10.13;
				PRODUCT_BUNDLE_IDENTIFIER = "com.wanghuai.pm-mac";
				PRODUCT_NAME = "$(TARGET_NAME)";
				SDKROOT = macosx;
				SWIFT_VERSION = 5.0;
			};
			name = Debug;
		};
		39275DD81F02711E00208F69 /* Release */ = {
			isa = XCBuildConfiguration;
			buildSettings = {
				ASSETCATALOG_COMPILER_APPICON_NAME = AppIcon;
				CODE_SIGN_ENTITLEMENTS = pm_mac/pm_mac.entitlements;
				CODE_SIGN_IDENTITY = "Mac Developer";
				COMBINE_HIDPI_IMAGES = YES;
				DEVELOPMENT_TEAM = 2N3FCRXTUX;
				ENABLE_HARDENED_RUNTIME = YES;
				INFOPLIST_FILE = pm_mac/Info.plist;
				LD_RUNPATH_SEARCH_PATHS = "$(inherited) @executable_path/../Frameworks";
				MACOSX_DEPLOYMENT_TARGET = 10.13;
				PRODUCT_BUNDLE_IDENTIFIER = "com.wanghuai.pm-mac";
				PRODUCT_NAME = "$(TARGET_NAME)";
				SDKROOT = macosx;
				SWIFT_VERSION = 5.0;
			};
			name = Release;
		};
		39597C401EF0DF4C00DBF3D4 /* Debug */ = {
			isa = XCBuildConfiguration;
			buildSettings = {
				ALWAYS_SEARCH_USER_PATHS = NO;
				CLANG_ANALYZER_NONNULL = YES;
				CLANG_ANALYZER_NUMBER_OBJECT_CONVERSION = YES_AGGRESSIVE;
				CLANG_CXX_LANGUAGE_STANDARD = "gnu++14";
				CLANG_CXX_LIBRARY = "libc++";
				CLANG_ENABLE_MODULES = YES;
				CLANG_ENABLE_OBJC_ARC = YES;
				CLANG_WARN_BLOCK_CAPTURE_AUTORELEASING = YES;
				CLANG_WARN_BOOL_CONVERSION = YES;
				CLANG_WARN_COMMA = YES;
				CLANG_WARN_CONSTANT_CONVERSION = YES;
				CLANG_WARN_DEPRECATED_OBJC_IMPLEMENTATIONS = YES;
				CLANG_WARN_DIRECT_OBJC_ISA_USAGE = YES_ERROR;
				CLANG_WARN_DOCUMENTATION_COMMENTS = YES;
				CLANG_WARN_EMPTY_BODY = YES;
				CLANG_WARN_ENUM_CONVERSION = YES;
				CLANG_WARN_INFINITE_RECURSION = YES;
				CLANG_WARN_INT_CONVERSION = YES;
				CLANG_WARN_NON_LITERAL_NULL_CONVERSION = YES;
				CLANG_WARN_OBJC_IMPLICIT_RETAIN_SELF = YES;
				CLANG_WARN_OBJC_LITERAL_CONVERSION = YES;
				CLANG_WARN_OBJC_ROOT_CLASS = YES_ERROR;
				CLANG_WARN_RANGE_LOOP_ANALYSIS = YES;
				CLANG_WARN_STRICT_PROTOTYPES = YES;
				CLANG_WARN_SUSPICIOUS_MOVE = YES;
				CLANG_WARN_UNGUARDED_AVAILABILITY = YES_AGGRESSIVE;
				CLANG_WARN_UNREACHABLE_CODE = YES;
				CLANG_WARN__DUPLICATE_METHOD_MATCH = YES;
				CODE_SIGN_IDENTITY = "iPhone Developer";
				COPY_PHASE_STRIP = NO;
				DEBUG_INFORMATION_FORMAT = dwarf;
				ENABLE_STRICT_OBJC_MSGSEND = YES;
				ENABLE_TESTABILITY = YES;
				GCC_C_LANGUAGE_STANDARD = gnu11;
				GCC_DYNAMIC_NO_PIC = NO;
				GCC_NO_COMMON_BLOCKS = YES;
				GCC_OPTIMIZATION_LEVEL = 0;
				GCC_PREPROCESSOR_DEFINITIONS = (
					"DEBUG=1",
					"$(inherited)",
				);
				GCC_WARN_64_TO_32_BIT_CONVERSION = YES;
				GCC_WARN_ABOUT_RETURN_TYPE = YES_ERROR;
				GCC_WARN_UNDECLARED_SELECTOR = YES;
				GCC_WARN_UNINITIALIZED_AUTOS = YES_AGGRESSIVE;
				GCC_WARN_UNUSED_FUNCTION = YES;
				GCC_WARN_UNUSED_VARIABLE = YES;
				IPHONEOS_DEPLOYMENT_TARGET = 11.0;
				MTL_ENABLE_DEBUG_INFO = YES;
				ONLY_ACTIVE_ARCH = YES;
				SDKROOT = iphoneos;
				SWIFT_ACTIVE_COMPILATION_CONDITIONS = DEBUG;
				SWIFT_OPTIMIZATION_LEVEL = "-Onone";
			};
			name = Debug;
		};
		39597C411EF0DF4C00DBF3D4 /* Release */ = {
			isa = XCBuildConfiguration;
			buildSettings = {
				ALWAYS_SEARCH_USER_PATHS = NO;
				CLANG_ANALYZER_NONNULL = YES;
				CLANG_ANALYZER_NUMBER_OBJECT_CONVERSION = YES_AGGRESSIVE;
				CLANG_CXX_LANGUAGE_STANDARD = "gnu++14";
				CLANG_CXX_LIBRARY = "libc++";
				CLANG_ENABLE_MODULES = YES;
				CLANG_ENABLE_OBJC_ARC = YES;
				CLANG_WARN_BLOCK_CAPTURE_AUTORELEASING = YES;
				CLANG_WARN_BOOL_CONVERSION = YES;
				CLANG_WARN_COMMA = YES;
				CLANG_WARN_CONSTANT_CONVERSION = YES;
				CLANG_WARN_DEPRECATED_OBJC_IMPLEMENTATIONS = YES;
				CLANG_WARN_DIRECT_OBJC_ISA_USAGE = YES_ERROR;
				CLANG_WARN_DOCUMENTATION_COMMENTS = YES;
				CLANG_WARN_EMPTY_BODY = YES;
				CLANG_WARN_ENUM_CONVERSION = YES;
				CLANG_WARN_INFINITE_RECURSION = YES;
				CLANG_WARN_INT_CONVERSION = YES;
				CLANG_WARN_NON_LITERAL_NULL_CONVERSION = YES;
				CLANG_WARN_OBJC_IMPLICIT_RETAIN_SELF = YES;
				CLANG_WARN_OBJC_LITERAL_CONVERSION = YES;
				CLANG_WARN_OBJC_ROOT_CLASS = YES_ERROR;
				CLANG_WARN_RANGE_LOOP_ANALYSIS = YES;
				CLANG_WARN_STRICT_PROTOTYPES = YES;
				CLANG_WARN_SUSPICIOUS_MOVE = YES;
				CLANG_WARN_UNGUARDED_AVAILABILITY = YES_AGGRESSIVE;
				CLANG_WARN_UNREACHABLE_CODE = YES;
				CLANG_WARN__DUPLICATE_METHOD_MATCH = YES;
				CODE_SIGN_IDENTITY = "iPhone Developer";
				COPY_PHASE_STRIP = NO;
				DEBUG_INFORMATION_FORMAT = "dwarf-with-dsym";
				ENABLE_NS_ASSERTIONS = NO;
				ENABLE_STRICT_OBJC_MSGSEND = YES;
				GCC_C_LANGUAGE_STANDARD = gnu11;
				GCC_NO_COMMON_BLOCKS = YES;
				GCC_WARN_64_TO_32_BIT_CONVERSION = YES;
				GCC_WARN_ABOUT_RETURN_TYPE = YES_ERROR;
				GCC_WARN_UNDECLARED_SELECTOR = YES;
				GCC_WARN_UNINITIALIZED_AUTOS = YES_AGGRESSIVE;
				GCC_WARN_UNUSED_FUNCTION = YES;
				GCC_WARN_UNUSED_VARIABLE = YES;
				IPHONEOS_DEPLOYMENT_TARGET = 11.0;
				MTL_ENABLE_DEBUG_INFO = NO;
				SDKROOT = iphoneos;
				SWIFT_OPTIMIZATION_LEVEL = "-Owholemodule";
				VALIDATE_PRODUCT = YES;
			};
			name = Release;
		};
		39597C431EF0DF4C00DBF3D4 /* Debug */ = {
			isa = XCBuildConfiguration;
			buildSettings = {
				ASSETCATALOG_COMPILER_APPICON_NAME = AppIcon;
				CODE_SIGN_ENTITLEMENTS = pm_ios/pm_ios.entitlements;
				CODE_SIGN_IDENTITY = "iPhone Developer";
				CODE_SIGN_STYLE = Automatic;
				DERIVE_UIKITFORMAC_PRODUCT_BUNDLE_IDENTIFIER = YES;
				DEVELOPMENT_TEAM = 2N3FCRXTUX;
				INFOPLIST_FILE = pm_ios/Info.plist;
				LD_RUNPATH_SEARCH_PATHS = "$(inherited) @executable_path/Frameworks";
				PRODUCT_BUNDLE_IDENTIFIER = "com.wanghuai.pm-ios";
				PRODUCT_NAME = "$(TARGET_NAME)";
				PROVISIONING_PROFILE_SPECIFIER = "";
				SUPPORTS_UIKITFORMAC = YES;
				SWIFT_VERSION = 5.0;
				TARGETED_DEVICE_FAMILY = "1,2";
			};
			name = Debug;
		};
		39597C441EF0DF4C00DBF3D4 /* Release */ = {
			isa = XCBuildConfiguration;
			buildSettings = {
				ASSETCATALOG_COMPILER_APPICON_NAME = AppIcon;
				CODE_SIGN_ENTITLEMENTS = pm_ios/pm_ios.entitlements;
				CODE_SIGN_IDENTITY = "iPhone Developer";
				CODE_SIGN_STYLE = Automatic;
				DERIVE_UIKITFORMAC_PRODUCT_BUNDLE_IDENTIFIER = YES;
				DEVELOPMENT_TEAM = 2N3FCRXTUX;
				INFOPLIST_FILE = pm_ios/Info.plist;
				LD_RUNPATH_SEARCH_PATHS = "$(inherited) @executable_path/Frameworks";
				PRODUCT_BUNDLE_IDENTIFIER = "com.wanghuai.pm-ios";
				PRODUCT_NAME = "$(TARGET_NAME)";
				PROVISIONING_PROFILE_SPECIFIER = "";
				SUPPORTS_UIKITFORMAC = YES;
				SWIFT_VERSION = 5.0;
				TARGETED_DEVICE_FAMILY = "1,2";
			};
			name = Release;
		};
/* End XCBuildConfiguration section */

/* Begin XCConfigurationList section */
		39275DD91F02711E00208F69 /* Build configuration list for PBXNativeTarget "pm_mac" */ = {
			isa = XCConfigurationList;
			buildConfigurations = (
				39275DD71F02711E00208F69 /* Debug */,
				39275DD81F02711E00208F69 /* Release */,
			);
			defaultConfigurationIsVisible = 0;
			defaultConfigurationName = Release;
		};
		39597C2B1EF0DF4C00DBF3D4 /* Build configuration list for PBXProject "pm" */ = {
			isa = XCConfigurationList;
			buildConfigurations = (
				39597C401EF0DF4C00DBF3D4 /* Debug */,
				39597C411EF0DF4C00DBF3D4 /* Release */,
			);
			defaultConfigurationIsVisible = 0;
			defaultConfigurationName = Release;
		};
		39597C421EF0DF4C00DBF3D4 /* Build configuration list for PBXNativeTarget "pm_ios" */ = {
			isa = XCConfigurationList;
			buildConfigurations = (
				39597C431EF0DF4C00DBF3D4 /* Debug */,
				39597C441EF0DF4C00DBF3D4 /* Release */,
			);
			defaultConfigurationIsVisible = 0;
			defaultConfigurationName = Release;
		};
/* End XCConfigurationList section */

/* Begin XCVersionGroup section */
		39BAB7E71F0C87E40094CBFC /* Model.xcdatamodeld */ = {
			isa = XCVersionGroup;
			children = (
				39BAB7E81F0C87E40094CBFC /* Model.xcdatamodel */,
			);
			currentVersion = 39BAB7E81F0C87E40094CBFC /* Model.xcdatamodel */;
			path = Model.xcdatamodeld;
			sourceTree = "<group>";
			versionGroupType = wrapper.xcdatamodel;
		};
/* End XCVersionGroup section */
	};
	rootObject = 39597C281EF0DF4C00DBF3D4 /* Project object */;
}
